
Microsoft Visual Studio Solution File, Format Version 12.00
# Visual Studio 15
VisualStudioVersion = 15.0.28010.2026
MinimumVisualStudioVersion = 10.0.40219.1
Project("{E24C65DC-7377-472B-9ABA-BC803B73C61A}") = "ab-MultPoints", "ab-MultPoints\", "{BCDF63CE-DB15-48F8-9914-FA8A40B094CD}"
	ProjectSection(WebsiteProperties) = preProject
		TargetFrameworkMoniker = ".NETFramework,Version%3Dv4.6.1"
		Debug.AspNetCompiler.VirtualPath = "/localhost_64560"
		Debug.AspNetCompiler.PhysicalPath = "ab-MultPoints\"
		Debug.AspNetCompiler.TargetPath = "PrecompiledWeb\localhost_64560\"
		Debug.AspNetCompiler.Updateable = "true"
		Debug.AspNetCompiler.ForceOverwrite = "true"
		Debug.AspNetCompiler.FixedNames = "false"
		Debug.AspNetCompiler.Debug = "True"
		Release.AspNetCompiler.VirtualPath = "/localhost_64560"
		Release.AspNetCompiler.PhysicalPath = "ab-MultPoints\"
		Release.AspNetCompiler.TargetPath = "PrecompiledWeb\localhost_64560\"
		Release.AspNetCompiler.Updateable = "true"
		Release.AspNetCompiler.ForceOverwrite = "true"
		Release.AspNetCompiler.FixedNames = "false"
		Release.AspNetCompiler.Debug = "False"
		VWDPort = "64560"
		SlnRelativePath = "ab-MultPoints\"
		DefaultWebSiteLanguage = "Visual C#"
	EndProjectSection
EndProject
Global
	GlobalSection(SolutionConfigurationPlatforms) = preSolution
		Debug|Any CPU = Debug|Any CPU
	EndGlobalSection
	GlobalSection(ProjectConfigurationPlatforms) = postSolution
		{BCDF63CE-DB15-48F8-9914-FA8A40B094CD}.Debug|Any CPU.ActiveCfg = Debug|Any CPU
		{BCDF63CE-DB15-48F8-9914-FA8A40B094CD}.Debug|Any CPU.Build.0 = Debug|Any CPU
	EndGlobalSection
	GlobalSection(SolutionProperties) = preSolution
		HideSolutionNode = FALSE
	EndGlobalSection
	GlobalSection(ExtensibilityGlobals) = postSolution
		SolutionGuid = {8C052CA9-1B90-462A-94A0-CE51E3BE9070}
	EndGlobalSection
EndGlobal
